{
  "nodes": {
    "nixpkgs": {
      "locked": {
        "lastModified": 1701174899,
        "narHash": "sha256-1W+FMe8mWsJKXoBc+QgKmEeRj33kTFnPq7XCjU+bfnA=",
        "path": "/nix/store/19kjl5p3hx3l51yfnii653a3qzm4l6hf-source",
        "rev": "010c7296f3b19a58b206fdf7d68d75a5b0a09e9e",
        "type": "path"
      },
      "original": {
        "id": "nixpkgs",
        "type": "indirect"
      }
    },
    "root": {
      "inputs": {
        "nixpkgs": "nixpkgs"
      }
    }
  },
  "root": "root",
  "version": 7
}
